{
  "nodes": {
    "darwin": {
      "inputs": {
        "nixpkgs": [
          "nixpkgs"
        ]
      },
      "locked": {
        "lastModified": 1786845137,
        "narHash": "sha256-oQFip+v0luP8NIxJzmiW4Wu8bILsbFWom5l0zonl8hQ=",
        "owner": "nix-darwin",
        "repo": "nix-darwin",
        "rev": "4cff07de74b50e64bdd68cd4e722ab5b6b35ee48",
        "type": "github"
      },
      "original": {
        "owner": "nix-darwin",
        "ref": "master",
        "repo": "nix-darwin",
        "type": "github"
      }
    },
    "fzf-tab-source": {
      "flake": false,
      "locked": {
        "lastModified": 1784646919,
        "narHash": "sha256-d7+yKrHp4Vcl5WlQfQ/UMNK5j3wz8Ls168Cuj1LYTgI=",
        "owner": "Freed-Wu",
        "repo": "fzf-tab-source",
        "rev": "3253ab5afa76cadd944a2775eb750321a64f6b8b",
        "type": "github"
      },
      "original": {
        "owner": "Freed-Wu",
        "repo": "fzf-tab-source",
        "type": "github"
      }
    },
    "home-manager": {
      "inputs": {
        "nixpkgs": [
          "nixpkgs"
        ]
      },
      "locked": {
        "lastModified": 1790292277,
        "narHash": "sha256-z+knvdMItRrMonmG4RIsqKYIa/hwYUzKjotDTfC5DDc=",
        "owner": "nix-community",
        "repo": "home-manager",
        "rev": "4b9add8645d5e2b0f7de18f7a442d08fe2bdcc91",
        "type": "github"
      },
      "original": {
        "owner": "nix-community",
        "ref": "master",
        "repo": "home-manager",
        "type": "github"
      }
    },
    "kube-tmux": {
      "flake": false,
      "locked": {
        "lastModified": 1779714285,
        "narHash": "sha256-l1wjg2ReWKCI7h/K11vvX2ykYTs/mVD+tfz/mQsjn/E=",
        "owner": "jonmosco",
        "repo": "kube-tmux",
        "rev": "8b7e1d127c16b6dc87ff5743f4d775b245198b69",
        "type": "github"
      },
      "original": {
        "owner": "jonmosco",
        "repo": "kube-tmux",
        "type": "github"
      }
    },
    "nixpkgs": {
      "locked": {
        "lastModified": 1790238896,
        "narHash": "sha256-ym4BG18Pu2awiJIehla1Lo9xiB2QYRcCzW3SB74gEBY=",
        "owner": "nixos",
        "repo": "nixpkgs",
        "rev": "34ca302a9572963c02e385c056be37c85ff51b77",
        "type": "github"
      },
      "original": {
        "owner": "nixos",
        "ref": "nixpkgs-unstable",
        "repo": "nixpkgs",
        "type": "github"
      }
    },
    "root": {
      "inputs": {
        "darwin": "darwin",
        "fzf-tab-source": "fzf-tab-source",
        "home-manager": "home-manager",
        "kube-tmux": "kube-tmux",
        "nixpkgs": "nixpkgs",
        "tmux-k8s-context-switcher": "tmux-k8s-context-switcher",
        "zsh-autoquoter": "zsh-autoquoter"
      }
    },
    "tmux-k8s-context-switcher": {
      "flake": false,
      "locked": {
        "lastModified": 1636023515,
        "narHash": "sha256-QtR1KUUjYCRcOnDB0+otR+mxtlWLZ5dkDtuaSgEOFJ4=",
        "owner": "IAmRadek",
        "repo": "tmux-k8s-context-switcher",
        "rev": "31c7c96e9d93ab48af9df7b92468f0cf76c10c33",
        "type": "github"
      },
      "original": {
        "owner": "IAmRadek",
        "repo": "tmux-k8s-context-switcher",
        "type": "github"
      }
    },
    "zsh-autoquoter": {
      "flake": false,
      "locked": {
        "lastModified": 1695877068,
        "narHash": "sha256-CdyKIGxOnWGWPeBuNz067zp8/a394H0Ec2h3CA3oIx0=",
        "owner": "ianthehenry",
        "repo": "zsh-autoquoter",
        "rev": "9e3b1b216bf7b61a9807a242bae730b5fc232a44",
        "type": "github"
      },
      "original": {
        "owner": "ianthehenry",
        "repo": "zsh-autoquoter",
        "type": "github"
      }
    }
  },
  "root": "root",
  "version": 7
}
